// !$*UTF8*$!
{
	archiveVersion = 1;
	classes = {
	};
	objectVersion = 55;
	objects = {

/* Begin PBXBuildFile section */
		3020D737281AF0A100996FA6 /* WeatherDemoApp.swift in Sources */ = {isa = PBXBuildFile; fileRef = 3020D736281AF0A100996FA6 /* WeatherDemoApp.swift */; };
		3020D739281AF0A100996FA6 /* ContentView.swift in Sources */ = {isa = PBXBuildFile; fileRef = 3020D738281AF0A100996FA6 /* ContentView.swift */; };
		3020D73B281AF0A300996FA6 /* Assets.xcassets in Resources */ = {isa = PBXBuildFile; fileRef = 3020D73A281AF0A300996FA6 /* Assets.xcassets */; };
		3020D73E281AF0A300996FA6 /* Preview Assets.xcassets in Resources */ = {isa = PBXBuildFile; fileRef = 3020D73D281AF0A300996FA6 /* Preview Assets.xcassets */; };
		3020D748281AF17C00996FA6 /* WelcomeView.swift in Sources */ = {isa = PBXBuildFile; fileRef = 3020D747281AF17C00996FA6 /* WelcomeView.swift */; };
		3020D74A281AF1B900996FA6 /* LocationManager.swift in Sources */ = {isa = PBXBuildFile; fileRef = 3020D749281AF1B900996FA6 /* LocationManager.swift */; };
		3020D74C281AFA1500996FA6 /* LoadingVIew.swift in Sources */ = {isa = PBXBuildFile; fileRef = 3020D74B281AFA1500996FA6 /* LoadingVIew.swift */; };
		3020D74E281AFDEB00996FA6 /* WeatherManager.swift in Sources */ = {isa = PBXBuildFile; fileRef = 3020D74D281AFDEB00996FA6 /* WeatherManager.swift */; };
		3020D750281BE5C700996FA6 /* WeatherView.swift in Sources */ = {isa = PBXBuildFile; fileRef = 3020D74F281BE5C700996FA6 /* WeatherView.swift */; };
		3020D754281BEA1000996FA6 /* Extensions.swift in Sources */ = {isa = PBXBuildFile; fileRef = 3020D753281BEA1000996FA6 /* Extensions.swift */; };
		3020D758281BECB900996FA6 /* ModelData.swift in Sources */ = {isa = PBXBuildFile; fileRef = 3020D757281BECB900996FA6 /* ModelData.swift */; };
		3020D75A281BED0E00996FA6 /* weatherData.json in Resources */ = {isa = PBXBuildFile; fileRef = 3020D759281BED0E00996FA6 /* weatherData.json */; };
		3020D75D281C430300996FA6 /* WeatherRow.swift in Sources */ = {isa = PBXBuildFile; fileRef = 3020D75C281C430300996FA6 /* WeatherRow.swift */; };
/* End PBXBuildFile section */

/* Begin PBXFileReference section */
		3020D733281AF0A100996FA6 /* WeatherDemo.app */ = {isa = PBXFileReference; explicitFileType = wrapper.application; includeInIndex = 0; path = WeatherDemo.app; sourceTree = BUILT_PRODUCTS_DIR; };
		3020D736281AF0A100996FA6 /* WeatherDemoApp.swift */ = {isa = PBXFileReference; lastKnownFileType = sourcecode.swift; path = WeatherDemoApp.swift; sourceTree = "<group>"; };
		3020D738281AF0A100996FA6 /* ContentView.swift */ = {isa = PBXFileReference; lastKnownFileType = sourcecode.swift; path = ContentView.swift; sourceTree = "<group>"; };
		3020D73A281AF0A300996FA6 /* Assets.xcassets */ = {isa = PBXFileReference; lastKnownFileType = folder.assetcatalog; path = Assets.xcassets; sourceTree = "<group>"; };
		3020D73D281AF0A300996FA6 /* Preview Assets.xcassets */ = {isa = PBXFileReference; lastKnownFileType = folder.assetcatalog; path = "Preview Assets.xcassets"; sourceTree = "<group>"; };
		3020D747281AF17C00996FA6 /* WelcomeView.swift */ = {isa = PBXFileReference; lastKnownFileType = sourcecode.swift; path = WelcomeView.swift; sourceTree = "<group>"; };
		3020D749281AF1B900996FA6 /* LocationManager.swift */ = {isa = PBXFileReference; lastKnownFileType = sourcecode.swift; path = LocationManager.swift; sourceTree = "<group>"; };
		3020D74B281AFA1500996FA6 /* LoadingVIew.swift */ = {isa = PBXFileReference; lastKnownFileType = sourcecode.swift; path = LoadingVIew.swift; sourceTree = "<group>"; };
		3020D74D281AFDEB00996FA6 /* WeatherManager.swift */ = {isa = PBXFileReference; lastKnownFileType = sourcecode.swift; path = WeatherManager.swift; sourceTree = "<group>"; };
		3020D74F281BE5C700996FA6 /* WeatherView.swift */ = {isa = PBXFileReference; lastKnownFileType = sourcecode.swift; path = WeatherView.swift; sourceTree = "<group>"; };
		3020D753281BEA1000996FA6 /* Extensions.swift */ = {isa = PBXFileReference; lastKnownFileType = sourcecode.swift; path = Extensions.swift; sourceTree = "<group>"; };
		3020D757281BECB900996FA6 /* ModelData.swift */ = {isa = PBXFileReference; lastKnownFileType = sourcecode.swift; path = ModelData.swift; sourceTree = "<group>"; };
		3020D759281BED0E00996FA6 /* weatherData.json */ = {isa = PBXFileReference; lastKnownFileType = text.json; path = weatherData.json; sourceTree = "<group>"; };
		3020D75C281C430300996FA6 /* WeatherRow.swift */ = {isa = PBXFileReference; lastKnownFileType = sourcecode.swift; path = WeatherRow.swift; sourceTree = "<group>"; };
/* End PBXFileReference section */

/* Begin PBXFrameworksBuildPhase section */
		3020D730281AF0A100996FA6 /* Frameworks */ = {
			isa = PBXFrameworksBuildPhase;
			buildActionMask = 2147483647;
			files = (
			);
			runOnlyForDeploymentPostprocessing = 0;
		};
/* End PBXFrameworksBuildPhase section */

/* Begin PBXGroup section */
		3020D72A281AF0A100996FA6 = {
			isa = PBXGroup;
			children = (
				3020D735281AF0A100996FA6 /* WeatherDemo */,
				3020D734281AF0A100996FA6 /* Products */,
			);
			sourceTree = "<group>";
		};
		3020D734281AF0A100996FA6 /* Products */ = {
			isa = PBXGroup;
			children = (
				3020D733281AF0A100996FA6 /* WeatherDemo.app */,
			);
			name = Products;
			sourceTree = "<group>";
		};
		3020D735281AF0A100996FA6 /* WeatherDemo */ = {
			isa = PBXGroup;
			children = (
				3020D736281AF0A100996FA6 /* WeatherDemoApp.swift */,
				3020D75B281C42DA00996FA6 /* Components */,
				3020D746281AF15200996FA6 /* Views */,
				3020D744281AF11700996FA6 /* Manager */,
				3020D73A281AF0A300996FA6 /* Assets.xcassets */,
				3020D73C281AF0A300996FA6 /* Preview Content */,
				3020D753281BEA1000996FA6 /* Extensions.swift */,
			);
			path = WeatherDemo;
			sourceTree = "<group>";
		};
		3020D73C281AF0A300996FA6 /* Preview Content */ = {
			isa = PBXGroup;
			children = (
				3020D73D281AF0A300996FA6 /* Preview Assets.xcassets */,
				3020D757281BECB900996FA6 /* ModelData.swift */,
				3020D759281BED0E00996FA6 /* weatherData.json */,
			);
			path = "Preview Content";
			sourceTree = "<group>";
		};
		3020D744281AF11700996FA6 /* Manager */ = {
			isa = PBXGroup;
			children = (
				3020D749281AF1B900996FA6 /* LocationManager.swift */,
				3020D74D281AFDEB00996FA6 /* WeatherManager.swift */,
			);
			path = Manager;
			sourceTree = "<group>";
		};
		3020D746281AF15200996FA6 /* Views */ = {
			isa = PBXGroup;
			children = (
				3020D738281AF0A100996FA6 /* ContentView.swift */,
				3020D747281AF17C00996FA6 /* WelcomeView.swift */,
				3020D74B281AFA1500996FA6 /* LoadingVIew.swift */,
				3020D74F281BE5C700996FA6 /* WeatherView.swift */,
			);
			path = Views;
			sourceTree = "<group>";
		};
		3020D75B281C42DA00996FA6 /* Components */ = {
			isa = PBXGroup;
			children = (
				3020D75C281C430300996FA6 /* WeatherRow.swift */,
			);
			path = Components;
			sourceTree = "<group>";
		};
/* End PBXGroup section */

/* Begin PBXNativeTarget section */
		3020D732281AF0A100996FA6 /* WeatherDemo */ = {
			isa = PBXNativeTarget;
			buildConfigurationList = 3020D741281AF0A300996FA6 /* Build configuration list for PBXNativeTarget "WeatherDemo" */;
			buildPhases = (
				3020D72F281AF0A100996FA6 /* Sources */,
				3020D730281AF0A100996FA6 /* Frameworks */,
				3020D731281AF0A100996FA6 /* Resources */,
			);
			buildRules = (
			);
			dependencies = (
			);
			name = WeatherDemo;
			productName = WeatherDemo;
			productReference = 3020D733281AF0A100996FA6 /* WeatherDemo.app */;
			productType = "com.apple.product-type.application";
		};
/* End PBXNativeTarget section */

/* Begin PBXProject section */
		3020D72B281AF0A100996FA6 /* Project object */ = {
			isa = PBXProject;
			attributes = {
				BuildIndependentTargetsInParallel = 1;
				LastSwiftUpdateCheck = 1320;
				LastUpgradeCheck = 1320;
				TargetAttributes = {
					3020D732281AF0A100996FA6 = {
						CreatedOnToolsVersion = 13.2.1;
					};
				};
			};
			buildConfigurationList = 3020D72E281AF0A100996FA6 /* Build configuration list for PBXProject "WeatherDemo" */;
			compatibilityVersion = "Xcode 13.0";
			developmentRegion = en;
			hasScannedForEncodings = 0;
			knownRegions = (
				en,
				Base,
			);
			mainGroup = 3020D72A281AF0A100996FA6;
			productRefGroup = 3020D734281AF0A100996FA6 /* Products */;
			projectDirPath = "";
			projectRoot = "";
			targets = (
				3020D732281AF0A100996FA6 /* WeatherDemo */,
			);
		};
/* End PBXProject section */

/* Begin PBXResourcesBuildPhase section */
		3020D731281AF0A100996FA6 /* Resources */ = {
			isa = PBXResourcesBuildPhase;
			buildActionMask = 2147483647;
			files = (
				3020D73E281AF0A300996FA6 /* Preview Assets.xcassets in Resources */,
				3020D75A281BED0E00996FA6 /* weatherData.json in Resources */,
				3020D73B281AF0A300996FA6 /* Assets.xcassets in Resources */,
			);
			runOnlyForDeploymentPostprocessing = 0;
		};
/* End PBXResourcesBuildPhase section */

/* Begin PBXSourcesBuildPhase section */
		3020D72F281AF0A100996FA6 /* Sources */ = {
			isa = PBXSourcesBuildPhase;
			buildActionMask = 2147483647;
			files = (
				3020D75D281C430300996FA6 /* WeatherRow.swift in Sources */,
				3020D74E281AFDEB00996FA6 /* WeatherManager.swift in Sources */,
				3020D74A281AF1B900996FA6 /* LocationManager.swift in Sources */,
				3020D739281AF0A100996FA6 /* ContentView.swift in Sources */,
				3020D754281BEA1000996FA6 /* Extensions.swift in Sources */,
				3020D74C281AFA1500996FA6 /* LoadingVIew.swift in Sources */,
				3020D748281AF17C00996FA6 /* WelcomeView.swift in Sources */,
				3020D758281BECB900996FA6 /* ModelData.swift in Sources */,
				3020D750281BE5C700996FA6 /* WeatherView.swift in Sources */,
				3020D737281AF0A100996FA6 /* WeatherDemoApp.swift in Sources */,
			);
			runOnlyForDeploymentPostprocessing = 0;
		};
/* End PBXSourcesBuildPhase section */

/* Begin XCBuildConfiguration section */
		3020D73F281AF0A300996FA6 /* Debug */ = {
			isa = XCBuildConfiguration;
			buildSettings = {
				ALWAYS_SEARCH_USER_PATHS = NO;
				CLANG_ANALYZER_NONNULL = YES;
				CLANG_ANALYZER_NUMBER_OBJECT_CONVERSION = YES_AGGRESSIVE;
				CLANG_CXX_LANGUAGE_STANDARD = "gnu++17";
				CLANG_CXX_LIBRARY = "libc++";
				CLANG_ENABLE_MODULES = YES;
				CLANG_ENABLE_OBJC_ARC = YES;
				CLANG_ENABLE_OBJC_WEAK = YES;
				CLANG_WARN_BLOCK_CAPTURE_AUTORELEASING = YES;
				CLANG_WARN_BOOL_CONVERSION = YES;
				CLANG_WARN_COMMA = YES;
				CLANG_WARN_CONSTANT_CONVERSION = YES;
				CLANG_WARN_DEPRECATED_OBJC_IMPLEMENTATIONS = YES;
				CLANG_WARN_DIRECT_OBJC_ISA_USAGE = YES_ERROR;
				CLANG_WARN_DOCUMENTATION_COMMENTS = YES;
				CLANG_WARN_EMPTY_BODY = YES;
				CLANG_WARN_ENUM_CONVERSION = YES;
				CLANG_WARN_INFINITE_RECURSION = YES;
				CLANG_WARN_INT_CONVERSION = YES;
				CLANG_WARN_NON_LITERAL_NULL_CONVERSION = YES;
				CLANG_WARN_OBJC_IMPLICIT_RETAIN_SELF = YES;
				CLANG_WARN_OBJC_LITERAL_CONVERSION = YES;
				CLANG_WARN_OBJC_ROOT_CLASS = YES_ERROR;
				CLANG_WARN_QUOTED_INCLUDE_IN_FRAMEWORK_HEADER = YES;
				CLANG_WARN_RANGE_LOOP_ANALYSIS = YES;
				CLANG_WARN_STRICT_PROTOTYPES = YES;
				CLANG_WARN_SUSPICIOUS_MOVE = YES;
				CLANG_WARN_UNGUARDED_AVAILABILITY = YES_AGGRESSIVE;
				CLANG_WARN_UNREACHABLE_CODE = YES;
				CLANG_WARN__DUPLICATE_METHOD_MATCH = YES;
				COPY_PHASE_STRIP = NO;
				DEBUG_INFORMATION_FORMAT = dwarf;
				ENABLE_STRICT_OBJC_MSGSEND = YES;
				ENABLE_TESTABILITY = YES;
				GCC_C_LANGUAGE_STANDARD = gnu11;
				GCC_DYNAMIC_NO_PIC = NO;
				GCC_NO_COMMON_BLOCKS = YES;
				GCC_OPTIMIZATION_LEVEL = 0;
				GCC_PREPROCESSOR_DEFINITIONS = (
					"DEBUG=1",
					"$(inherited)",
				);
				GCC_WARN_64_TO_32_BIT_CONVERSION = YES;
				GCC_WARN_ABOUT_RETURN_TYPE = YES_ERROR;
				GCC_WARN_UNDECLARED_SELECTOR = YES;
				GCC_WARN_UNINITIALIZED_AUTOS = YES_AGGRESSIVE;
				GCC_WARN_UNUSED_FUNCTION = YES;
				GCC_WARN_UNUSED_VARIABLE = YES;
				IPHONEOS_DEPLOYMENT_TARGET = 15.2;
				MTL_ENABLE_DEBUG_INFO = INCLUDE_SOURCE;
				MTL_FAST_MATH = YES;
				ONLY_ACTIVE_ARCH = YES;
				SDKROOT = iphoneos;
				SWIFT_ACTIVE_COMPILATION_CONDITIONS = DEBUG;
				SWIFT_OPTIMIZATION_LEVEL = "-Onone";
			};
			name = Debug;
		};
		3020D740281AF0A300996FA6 /* Release */ = {
			isa = XCBuildConfiguration;
			buildSettings = {
				ALWAYS_SEARCH_USER_PATHS = NO;
				CLANG_ANALYZER_NONNULL = YES;
				CLANG_ANALYZER_NUMBER_OBJECT_CONVERSION = YES_AGGRESSIVE;
				CLANG_CXX_LANGUAGE_STANDARD = "gnu++17";
				CLANG_CXX_LIBRARY = "libc++";
				CLANG_ENABLE_MODULES = YES;
				CLANG_ENABLE_OBJC_ARC = YES;
				CLANG_ENABLE_OBJC_WEAK = YES;
				CLANG_WARN_BLOCK_CAPTURE_AUTORELEASING = YES;
				CLANG_WARN_BOOL_CONVERSION = YES;
				CLANG_WARN_COMMA = YES;
				CLANG_WARN_CONSTANT_CONVERSION = YES;
				CLANG_WARN_DEPRECATED_OBJC_IMPLEMENTATIONS = YES;
				CLANG_WARN_DIRECT_OBJC_ISA_USAGE = YES_ERROR;
				CLANG_WARN_DOCUMENTATION_COMMENTS = YES;
				CLANG_WARN_EMPTY_BODY = YES;
				CLANG_WARN_ENUM_CONVERSION = YES;
				CLANG_WARN_INFINITE_RECURSION = YES;
				CLANG_WARN_INT_CONVERSION = YES;
				CLANG_WARN_NON_LITERAL_NULL_CONVERSION = YES;
				CLANG_WARN_OBJC_IMPLICIT_RETAIN_SELF = YES;
				CLANG_WARN_OBJC_LITERAL_CONVERSION = YES;
				CLANG_WARN_OBJC_ROOT_CLASS = YES_ERROR;
				CLANG_WARN_QUOTED_INCLUDE_IN_FRAMEWORK_HEADER = YES;
				CLANG_WARN_RANGE_LOOP_ANALYSIS = YES;
				CLANG_WARN_STRICT_PROTOTYPES = YES;
				CLANG_WARN_SUSPICIOUS_MOVE = YES;
				CLANG_WARN_UNGUARDED_AVAILABILITY = YES_AGGRESSIVE;
				CLANG_WARN_UNREACHABLE_CODE = YES;
				CLANG_WARN__DUPLICATE_METHOD_MATCH = YES;
				COPY_PHASE_STRIP = NO;
				DEBUG_INFORMATION_FORMAT = "dwarf-with-dsym";
				ENABLE_NS_ASSERTIONS = NO;
				ENABLE_STRICT_OBJC_MSGSEND = YES;
				GCC_C_LANGUAGE_STANDARD = gnu11;
				GCC_NO_COMMON_BLOCKS = YES;
				GCC_WARN_64_TO_32_BIT_CONVERSION = YES;
				GCC_WARN_ABOUT_RETURN_TYPE = YES_ERROR;
				GCC_WARN_UNDECLARED_SELECTOR = YES;
				GCC_WARN_UNINITIALIZED_AUTOS = YES_AGGRESSIVE;
				GCC_WARN_UNUSED_FUNCTION = YES;
				GCC_WARN_UNUSED_VARIABLE = YES;
				IPHONEOS_DEPLOYMENT_TARGET = 15.2;
				MTL_ENABLE_DEBUG_INFO = NO;
				MTL_FAST_MATH = YES;
				SDKROOT = iphoneos;
				SWIFT_COMPILATION_MODE = wholemodule;
				SWIFT_OPTIMIZATION_LEVEL = "-O";
				VALIDATE_PRODUCT = YES;
			};
			name = Release;
		};
		3020D742281AF0A300996FA6 /* Debug */ = {
			isa = XCBuildConfiguration;
			buildSettings = {
				ASSETCATALOG_COMPILER_APPICON_NAME = AppIcon;
				ASSETCATALOG_COMPILER_GLOBAL_ACCENT_COLOR_NAME = AccentColor;
				CODE_SIGN_STYLE = Automatic;
				CURRENT_PROJECT_VERSION = 1;
				DEVELOPMENT_ASSET_PATHS = "\"WeatherDemo/Preview Content\"";
				DEVELOPMENT_TEAM = L77873QU8Q;
				ENABLE_PREVIEWS = YES;
				GENERATE_INFOPLIST_FILE = YES;
				INFOPLIST_KEY_UIApplicationSceneManifest_Generation = YES;
				INFOPLIST_KEY_UIApplicationSupportsIndirectInputEvents = YES;
				INFOPLIST_KEY_UILaunchScreen_Generation = YES;
				INFOPLIST_KEY_UISupportedInterfaceOrientations_iPad = "UIInterfaceOrientationPortrait UIInterfaceOrientationPortraitUpsideDown UIInterfaceOrientationLandscapeLeft UIInterfaceOrientationLandscapeRight";
				INFOPLIST_KEY_UISupportedInterfaceOrientations_iPhone = "UIInterfaceOrientationPortrait UIInterfaceOrientationLandscapeLeft UIInterfaceOrientationLandscapeRight";
				IPHONEOS_DEPLOYMENT_TARGET = 15.0;
				LD_RUNPATH_SEARCH_PATHS = (
					"$(inherited)",
					"@executable_path/Frameworks",
				);
				MARKETING_VERSION = 1.0;
				PRODUCT_BUNDLE_IDENTIFIER = com.royaiyetin.WeatherDemo;
				PRODUCT_NAME = "$(TARGET_NAME)";
				SWIFT_EMIT_LOC_STRINGS = YES;
				SWIFT_VERSION = 5.0;
				TARGETED_DEVICE_FAMILY = "1,2";
			};
			name = Debug;
		};
		3020D743281AF0A300996FA6 /* Release */ = {
			isa = XCBuildConfiguration;
			buildSettings = {
				ASSETCATALOG_COMPILER_APPICON_NAME = AppIcon;
				ASSETCATALOG_COMPILER_GLOBAL_ACCENT_COLOR_NAME = AccentColor;
				CODE_SIGN_STYLE = Automatic;
				CURRENT_PROJECT_VERSION = 1;
				DEVELOPMENT_ASSET_PATHS = "\"WeatherDemo/Preview Content\"";
				DEVELOPMENT_TEAM = L77873QU8Q;
				ENABLE_PREVIEWS = YES;
				GENERATE_INFOPLIST_FILE = YES;
				INFOPLIST_KEY_UIApplicationSceneManifest_Generation = YES;
				INFOPLIST_KEY_UIApplicationSupportsIndirectInputEvents = YES;
				INFOPLIST_KEY_UILaunchScreen_Generation = YES;
				INFOPLIST_KEY_UISupportedInterfaceOrientations_iPad = "UIInterfaceOrientationPortrait UIInterfaceOrientationPortraitUpsideDown UIInterfaceOrientationLandscapeLeft UIInterfaceOrientationLandscapeRight";
				INFOPLIST_KEY_UISupportedInterfaceOrientations_iPhone = "UIInterfaceOrientationPortrait UIInterfaceOrientationLandscapeLeft UIInterfaceOrientationLandscapeRight";
				IPHONEOS_DEPLOYMENT_TARGET = 15.0;
				LD_RUNPATH_SEARCH_PATHS = (
					"$(inherited)",
					"@executable_path/Frameworks",
				);
				MARKETING_VERSION = 1.0;
				PRODUCT_BUNDLE_IDENTIFIER = com.royaiyetin.WeatherDemo;
				PRODUCT_NAME = "$(TARGET_NAME)";
				SWIFT_EMIT_LOC_STRINGS = YES;
				SWIFT_VERSION = 5.0;
				TARGETED_DEVICE_FAMILY = "1,2";
			};
			name = Release;
		};
/* End XCBuildConfiguration section */

/* Begin XCConfigurationList section */
		3020D72E281AF0A100996FA6 /* Build configuration list for PBXProject "WeatherDemo" */ = {
			isa = XCConfigurationList;
			buildConfigurations = (
				3020D73F281AF0A300996FA6 /* Debug */,
				3020D740281AF0A300996FA6 /* Release */,
			);
			defaultConfigurationIsVisible = 0;
			defaultConfigurationName = Release;
		};
		3020D741281AF0A300996FA6 /* Build configuration list for PBXNativeTarget "WeatherDemo" */ = {
			isa = XCConfigurationList;
			buildConfigurations = (
				3020D742281AF0A300996FA6 /* Debug */,
				3020D743281AF0A300996FA6 /* Release */,
			);
			defaultConfigurationIsVisible = 0;
			defaultConfigurationName = Release;
		};
/* End XCConfigurationList section */
	};
	rootObject = 3020D72B281AF0A100996FA6 /* Project object */;
}
